
Microsoft Visual Studio Solution File, Format Version 12.00
# Visual Studio Version 16
VisualStudioVersion = 16.0.29403.142
MinimumVisualStudioVersion = 10.0.40219.1
Project("{FAE04EC0-301F-11D3-BF4B-00C04F79EFBC}") = "SharedFile", "SharedFile.csproj", "{70774297-DE8A-4E75-98E6-7545CCBD0873}"
EndProject
Global
	GlobalSection(SolutionConfigurationPlatforms) = preSolution
		Debug|Any CPU = Debug|Any CPU
		Release|Any CPU = Release|Any CPU
	EndGlobalSection
	GlobalSection(ProjectConfigurationPlatforms) = postSolution
		{70774297-DE8A-4E75-98E6-7545CCBD0873}.Debug|Any CPU.ActiveCfg = Debug|Any CPU
		{70774297-DE8A-4E75-98E6-7545CCBD0873}.Debug|Any CPU.Build.0 = Debug|Any CPU
		{70774297-DE8A-4E75-98E6-7545CCBD0873}.Release|Any CPU.ActiveCfg = Release|Any CPU
		{70774297-DE8A-4E75-98E6-7545CCBD0873}.Release|Any CPU.Build.0 = Release|Any CPU
	EndGlobalSection
	GlobalSection(SolutionProperties) = preSolution
		HideSolutionNode = FALSE
	EndGlobalSection
	GlobalSection(ExtensibilityGlobals) = postSolution
		SolutionGuid = {331CD5B8-2CC0-453B-B2CB-8D562C9AE527}
	EndGlobalSection
EndGlobal
